
Microsoft Visual Studio Solution File, Format Version 12.00
# Visual Studio 15
VisualStudioVersion = 15.0.26730.3
MinimumVisualStudioVersion = 10.0.40219.1
Project("{FAE04EC0-301F-11D3-BF4B-00C04F79EFBC}") = "Coladera de Erastoteles", "Coladera de Erastoteles\Coladera de Erastoteles.csproj", "{1A868F29-3C8A-403F-B52F-BF434CE3EB6C}"
EndProject
Global
	GlobalSection(SolutionConfigurationPlatforms) = preSolution
		Debug|Any CPU = Debug|Any CPU
		Release|Any CPU = Release|Any CPU
	EndGlobalSection
	GlobalSection(ProjectConfigurationPlatforms) = postSolution
		{1A868F29-3C8A-403F-B52F-BF434CE3EB6C}.Debug|Any CPU.ActiveCfg = Debug|Any CPU
		{1A868F29-3C8A-403F-B52F-BF434CE3EB6C}.Debug|Any CPU.Build.0 = Debug|Any CPU
		{1A868F29-3C8A-403F-B52F-BF434CE3EB6C}.Release|Any CPU.ActiveCfg = Release|Any CPU
		{1A868F29-3C8A-403F-B52F-BF434CE3EB6C}.Release|Any CPU.Build.0 = Release|Any CPU
	EndGlobalSection
	GlobalSection(SolutionProperties) = preSolution
		HideSolutionNode = FALSE
	EndGlobalSection
	GlobalSection(ExtensibilityGlobals) = postSolution
		SolutionGuid = {7BDDB797-0E6E-4245-8760-E24A922C8949}
	EndGlobalSection
EndGlobal
