
Microsoft Visual Studio Solution File, Format Version 12.00
# Visual Studio 15
VisualStudioVersion = 15.0.26730.3
MinimumVisualStudioVersion = 10.0.40219.1
Project("{FAE04EC0-301F-11D3-BF4B-00C04F79EFBC}") = "Liebre y tortuga", "Liebre y tortuga\Liebre y tortuga.csproj", "{6F127142-D4AD-43E7-A877-B680DA6BE27D}"
EndProject
Global
	GlobalSection(SolutionConfigurationPlatforms) = preSolution
		Debug|Any CPU = Debug|Any CPU
		Release|Any CPU = Release|Any CPU
	EndGlobalSection
	GlobalSection(ProjectConfigurationPlatforms) = postSolution
		{6F127142-D4AD-43E7-A877-B680DA6BE27D}.Debug|Any CPU.ActiveCfg = Debug|Any CPU
		{6F127142-D4AD-43E7-A877-B680DA6BE27D}.Debug|Any CPU.Build.0 = Debug|Any CPU
		{6F127142-D4AD-43E7-A877-B680DA6BE27D}.Release|Any CPU.ActiveCfg = Release|Any CPU
		{6F127142-D4AD-43E7-A877-B680DA6BE27D}.Release|Any CPU.Build.0 = Release|Any CPU
	EndGlobalSection
	GlobalSection(SolutionProperties) = preSolution
		HideSolutionNode = FALSE
	EndGlobalSection
	GlobalSection(ExtensibilityGlobals) = postSolution
		SolutionGuid = {36123EC5-E895-453F-B925-9AE57A419158}
	EndGlobalSection
EndGlobal
